// !$*UTF8*$!
{
	archiveVersion = 1;
	classes = {
	};
	objectVersion = 46;
	objects = {

/* Begin PBXBuildFile section */
		EE1A11841D1BDF85001ED555 /* iPad_ru.pdf in Resources */ = {isa = PBXBuildFile; fileRef = EE1A11831D1BDF85001ED555 /* iPad_ru.pdf */; };
		EEDB65521CF1AA4700F7F5AB /* TableViewController.m in Sources */ = {isa = PBXBuildFile; fileRef = EEDB65511CF1AA4700F7F5AB /* TableViewController.m */; };
		EEDB65541CF2408200F7F5AB /* book.pdf in Resources */ = {isa = PBXBuildFile; fileRef = EEDB65531CF2408200F7F5AB /* book.pdf */; };
		EEED16741CF0C84500C0D928 /* main.m in Sources */ = {isa = PBXBuildFile; fileRef = EEED16731CF0C84500C0D928 /* main.m */; };
		EEED16771CF0C84500C0D928 /* AppDelegate.m in Sources */ = {isa = PBXBuildFile; fileRef = EEED16761CF0C84500C0D928 /* AppDelegate.m */; };
		EEED167A1CF0C84500C0D928 /* ViewController.m in Sources */ = {isa = PBXBuildFile; fileRef = EEED16791CF0C84500C0D928 /* ViewController.m */; };
		EEED167D1CF0C84500C0D928 /* Main.storyboard in Resources */ = {isa = PBXBuildFile; fileRef = EEED167B1CF0C84500C0D928 /* Main.storyboard */; };
		EEED167F1CF0C84500C0D928 /* Assets.xcassets in Resources */ = {isa = PBXBuildFile; fileRef = EEED167E1CF0C84500C0D928 /* Assets.xcassets */; };
		EEED16821CF0C84500C0D928 /* LaunchScreen.storyboard in Resources */ = {isa = PBXBuildFile; fileRef = EEED16801CF0C84500C0D928 /* LaunchScreen.storyboard */; };
/* End PBXBuildFile section */

/* Begin PBXFileReference section */
		EE1A11831D1BDF85001ED555 /* iPad_ru.pdf */ = {isa = PBXFileReference; lastKnownFileType = image.pdf; path = iPad_ru.pdf; sourceTree = "<group>"; };
		EEDB65501CF1AA4700F7F5AB /* TableViewController.h */ = {isa = PBXFileReference; fileEncoding = 4; lastKnownFileType = sourcecode.c.h; path = TableViewController.h; sourceTree = "<group>"; };
		EEDB65511CF1AA4700F7F5AB /* TableViewController.m */ = {isa = PBXFileReference; fileEncoding = 4; lastKnownFileType = sourcecode.c.objc; path = TableViewController.m; sourceTree = "<group>"; };
		EEDB65531CF2408200F7F5AB /* book.pdf */ = {isa = PBXFileReference; lastKnownFileType = image.pdf; path = book.pdf; sourceTree = "<group>"; };
		EEED166F1CF0C84500C0D928 /* WebViewTest.app */ = {isa = PBXFileReference; explicitFileType = wrapper.application; includeInIndex = 0; path = WebViewTest.app; sourceTree = BUILT_PRODUCTS_DIR; };
		EEED16731CF0C84500C0D928 /* main.m */ = {isa = PBXFileReference; lastKnownFileType = sourcecode.c.objc; path = main.m; sourceTree = "<group>"; };
		EEED16751CF0C84500C0D928 /* AppDelegate.h */ = {isa = PBXFileReference; lastKnownFileType = sourcecode.c.h; path = AppDelegate.h; sourceTree = "<group>"; };
		EEED16761CF0C84500C0D928 /* AppDelegate.m */ = {isa = PBXFileReference; lastKnownFileType = sourcecode.c.objc; path = AppDelegate.m; sourceTree = "<group>"; };
		EEED16781CF0C84500C0D928 /* ViewController.h */ = {isa = PBXFileReference; lastKnownFileType = sourcecode.c.h; path = ViewController.h; sourceTree = "<group>"; };
		EEED16791CF0C84500C0D928 /* ViewController.m */ = {isa = PBXFileReference; lastKnownFileType = sourcecode.c.objc; path = ViewController.m; sourceTree = "<group>"; };
		EEED167C1CF0C84500C0D928 /* Base */ = {isa = PBXFileReference; lastKnownFileType = file.storyboard; name = Base; path = Base.lproj/Main.storyboard; sourceTree = "<group>"; };
		EEED167E1CF0C84500C0D928 /* Assets.xcassets */ = {isa = PBXFileReference; lastKnownFileType = folder.assetcatalog; path = Assets.xcassets; sourceTree = "<group>"; };
		EEED16811CF0C84500C0D928 /* Base */ = {isa = PBXFileReference; lastKnownFileType = file.storyboard; name = Base; path = Base.lproj/LaunchScreen.storyboard; sourceTree = "<group>"; };
		EEED16831CF0C84500C0D928 /* Info.plist */ = {isa = PBXFileReference; lastKnownFileType = text.plist.xml; path = Info.plist; sourceTree = "<group>"; };
/* End PBXFileReference section */

/* Begin PBXFrameworksBuildPhase section */
		EEED166C1CF0C84400C0D928 /* Frameworks */ = {
			isa = PBXFrameworksBuildPhase;
			buildActionMask = 2147483647;
			files = (
			);
			runOnlyForDeploymentPostprocessing = 0;
		};
/* End PBXFrameworksBuildPhase section */

/* Begin PBXGroup section */
		EEED16661CF0C84400C0D928 = {
			isa = PBXGroup;
			children = (
				EEED16711CF0C84500C0D928 /* WebViewTest */,
				EEED16701CF0C84500C0D928 /* Products */,
			);
			sourceTree = "<group>";
		};
		EEED16701CF0C84500C0D928 /* Products */ = {
			isa = PBXGroup;
			children = (
				EEED166F1CF0C84500C0D928 /* WebViewTest.app */,
			);
			name = Products;
			sourceTree = "<group>";
		};
		EEED16711CF0C84500C0D928 /* WebViewTest */ = {
			isa = PBXGroup;
			children = (
				EE1A11831D1BDF85001ED555 /* iPad_ru.pdf */,
				EEDB65531CF2408200F7F5AB /* book.pdf */,
				EEED16751CF0C84500C0D928 /* AppDelegate.h */,
				EEED16761CF0C84500C0D928 /* AppDelegate.m */,
				EEDB65501CF1AA4700F7F5AB /* TableViewController.h */,
				EEDB65511CF1AA4700F7F5AB /* TableViewController.m */,
				EEED16781CF0C84500C0D928 /* ViewController.h */,
				EEED16791CF0C84500C0D928 /* ViewController.m */,
				EEED167B1CF0C84500C0D928 /* Main.storyboard */,
				EEED167E1CF0C84500C0D928 /* Assets.xcassets */,
				EEED16801CF0C84500C0D928 /* LaunchScreen.storyboard */,
				EEED16831CF0C84500C0D928 /* Info.plist */,
				EEED16721CF0C84500C0D928 /* Supporting Files */,
			);
			path = WebViewTest;
			sourceTree = "<group>";
		};
		EEED16721CF0C84500C0D928 /* Supporting Files */ = {
			isa = PBXGroup;
			children = (
				EEED16731CF0C84500C0D928 /* main.m */,
			);
			name = "Supporting Files";
			sourceTree = "<group>";
		};
/* End PBXGroup section */

/* Begin PBXNativeTarget section */
		EEED166E1CF0C84400C0D928 /* WebViewTest */ = {
			isa = PBXNativeTarget;
			buildConfigurationList = EEED16861CF0C84500C0D928 /* Build configuration list for PBXNativeTarget "WebViewTest" */;
			buildPhases = (
				EEED166B1CF0C84400C0D928 /* Sources */,
				EEED166C1CF0C84400C0D928 /* Frameworks */,
				EEED166D1CF0C84400C0D928 /* Resources */,
			);
			buildRules = (
			);
			dependencies = (
			);
			name = WebViewTest;
			productName = WebViewTest;
			productReference = EEED166F1CF0C84500C0D928 /* WebViewTest.app */;
			productType = "com.apple.product-type.application";
		};
/* End PBXNativeTarget section */

/* Begin PBXProject section */
		EEED16671CF0C84400C0D928 /* Project object */ = {
			isa = PBXProject;
			attributes = {
				LastUpgradeCheck = 0720;
				ORGANIZATIONNAME = "Игорь Талов";
				TargetAttributes = {
					EEED166E1CF0C84400C0D928 = {
						CreatedOnToolsVersion = 7.2;
						DevelopmentTeam = GU388YC6S7;
					};
				};
			};
			buildConfigurationList = EEED166A1CF0C84400C0D928 /* Build configuration list for PBXProject "WebViewTest" */;
			compatibilityVersion = "Xcode 3.2";
			developmentRegion = English;
			hasScannedForEncodings = 0;
			knownRegions = (
				en,
				Base,
			);
			mainGroup = EEED16661CF0C84400C0D928;
			productRefGroup = EEED16701CF0C84500C0D928 /* Products */;
			projectDirPath = "";
			projectRoot = "";
			targets = (
				EEED166E1CF0C84400C0D928 /* WebViewTest */,
			);
		};
/* End PBXProject section */

/* Begin PBXResourcesBuildPhase section */
		EEED166D1CF0C84400C0D928 /* Resources */ = {
			isa = PBXResourcesBuildPhase;
			buildActionMask = 2147483647;
			files = (
				EE1A11841D1BDF85001ED555 /* iPad_ru.pdf in Resources */,
				EEED16821CF0C84500C0D928 /* LaunchScreen.storyboard in Resources */,
				EEED167F1CF0C84500C0D928 /* Assets.xcassets in Resources */,
				EEED167D1CF0C84500C0D928 /* Main.storyboard in Resources */,
				EEDB65541CF2408200F7F5AB /* book.pdf in Resources */,
			);
			runOnlyForDeploymentPostprocessing = 0;
		};
/* End PBXResourcesBuildPhase section */

/* Begin PBXSourcesBuildPhase section */
		EEED166B1CF0C84400C0D928 /* Sources */ = {
			isa = PBXSourcesBuildPhase;
			buildActionMask = 2147483647;
			files = (
				EEED167A1CF0C84500C0D928 /* ViewController.m in Sources */,
				EEED16771CF0C84500C0D928 /* AppDelegate.m in Sources */,
				EEED16741CF0C84500C0D928 /* main.m in Sources */,
				EEDB65521CF1AA4700F7F5AB /* TableViewController.m in Sources */,
			);
			runOnlyForDeploymentPostprocessing = 0;
		};
/* End PBXSourcesBuildPhase section */

/* Begin PBXVariantGroup section */
		EEED167B1CF0C84500C0D928 /* Main.storyboard */ = {
			isa = PBXVariantGroup;
			children = (
				EEED167C1CF0C84500C0D928 /* Base */,
			);
			name = Main.storyboard;
			sourceTree = "<group>";
		};
		EEED16801CF0C84500C0D928 /* LaunchScreen.storyboard */ = {
			isa = PBXVariantGroup;
			children = (
				EEED16811CF0C84500C0D928 /* Base */,
			);
			name = LaunchScreen.storyboard;
			sourceTree = "<group>";
		};
/* End PBXVariantGroup section */

/* Begin XCBuildConfiguration section */
		EEED16841CF0C84500C0D928 /* Debug */ = {
			isa = XCBuildConfiguration;
			buildSettings = {
				ALWAYS_SEARCH_USER_PATHS = NO;
				CLANG_CXX_LANGUAGE_STANDARD = "gnu++0x";
				CLANG_CXX_LIBRARY = "libc++";
				CLANG_ENABLE_MODULES = YES;
				CLANG_ENABLE_OBJC_ARC = YES;
				CLANG_WARN_BOOL_CONVERSION = YES;
				CLANG_WARN_CONSTANT_CONVERSION = YES;
				CLANG_WARN_DIRECT_OBJC_ISA_USAGE = YES_ERROR;
				CLANG_WARN_EMPTY_BODY = YES;
				CLANG_WARN_ENUM_CONVERSION = YES;
				CLANG_WARN_INT_CONVERSION = YES;
				CLANG_WARN_OBJC_ROOT_CLASS = YES_ERROR;
				CLANG_WARN_UNREACHABLE_CODE = YES;
				CLANG_WARN__DUPLICATE_METHOD_MATCH = YES;
				"CODE_SIGN_IDENTITY[sdk=iphoneos*]" = "iPhone Developer";
				COPY_PHASE_STRIP = NO;
				DEBUG_INFORMATION_FORMAT = dwarf;
				ENABLE_STRICT_OBJC_MSGSEND = YES;
				ENABLE_TESTABILITY = YES;
				GCC_C_LANGUAGE_STANDARD = gnu99;
				GCC_DYNAMIC_NO_PIC = NO;
				GCC_NO_COMMON_BLOCKS = YES;
				GCC_OPTIMIZATION_LEVEL = 0;
				GCC_PREPROCESSOR_DEFINITIONS = (
					"DEBUG=1",
					"$(inherited)",
				);
				GCC_WARN_64_TO_32_BIT_CONVERSION = YES;
				GCC_WARN_ABOUT_RETURN_TYPE = YES_ERROR;
				GCC_WARN_UNDECLARED_SELECTOR = YES;
				GCC_WARN_UNINITIALIZED_AUTOS = YES_AGGRESSIVE;
				GCC_WARN_UNUSED_FUNCTION = YES;
				GCC_WARN_UNUSED_VARIABLE = YES;
				IPHONEOS_DEPLOYMENT_TARGET = 9.2;
				MTL_ENABLE_DEBUG_INFO = YES;
				ONLY_ACTIVE_ARCH = YES;
				SDKROOT = iphoneos;
			};
			name = Debug;
		};
		EEED16851CF0C84500C0D928 /* Release */ = {
			isa = XCBuildConfiguration;
			buildSettings = {
				ALWAYS_SEARCH_USER_PATHS = NO;
				CLANG_CXX_LANGUAGE_STANDARD = "gnu++0x";
				CLANG_CXX_LIBRARY = "libc++";
				CLANG_ENABLE_MODULES = YES;
				CLANG_ENABLE_OBJC_ARC = YES;
				CLANG_WARN_BOOL_CONVERSION = YES;
				CLANG_WARN_CONSTANT_CONVERSION = YES;
				CLANG_WARN_DIRECT_OBJC_ISA_USAGE = YES_ERROR;
				CLANG_WARN_EMPTY_BODY = YES;
				CLANG_WARN_ENUM_CONVERSION = YES;
				CLANG_WARN_INT_CONVERSION = YES;
				CLANG_WARN_OBJC_ROOT_CLASS = YES_ERROR;
				CLANG_WARN_UNREACHABLE_CODE = YES;
				CLANG_WARN__DUPLICATE_METHOD_MATCH = YES;
				"CODE_SIGN_IDENTITY[sdk=iphoneos*]" = "iPhone Developer";
				COPY_PHASE_STRIP = NO;
				DEBUG_INFORMATION_FORMAT = "dwarf-with-dsym";
				ENABLE_NS_ASSERTIONS = NO;
				ENABLE_STRICT_OBJC_MSGSEND = YES;
				GCC_C_LANGUAGE_STANDARD = gnu99;
				GCC_NO_COMMON_BLOCKS = YES;
				GCC_WARN_64_TO_32_BIT_CONVERSION = YES;
				GCC_WARN_ABOUT_RETURN_TYPE = YES_ERROR;
				GCC_WARN_UNDECLARED_SELECTOR = YES;
				GCC_WARN_UNINITIALIZED_AUTOS = YES_AGGRESSIVE;
				GCC_WARN_UNUSED_FUNCTION = YES;
				GCC_WARN_UNUSED_VARIABLE = YES;
				IPHONEOS_DEPLOYMENT_TARGET = 9.2;
				MTL_ENABLE_DEBUG_INFO = NO;
				SDKROOT = iphoneos;
				VALIDATE_PRODUCT = YES;
			};
			name = Release;
		};
		EEED16871CF0C84500C0D928 /* Debug */ = {
			isa = XCBuildConfiguration;
			buildSettings = {
				ASSETCATALOG_COMPILER_APPICON_NAME = AppIcon;
				INFOPLIST_FILE = WebViewTest/Info.plist;
				IPHONEOS_DEPLOYMENT_TARGET = 7.1;
				LD_RUNPATH_SEARCH_PATHS = "$(inherited) @executable_path/Frameworks";
				PRODUCT_BUNDLE_IDENTIFIER = com.SealDeveloper.WebViewTest;
				PRODUCT_NAME = "$(TARGET_NAME)";
			};
			name = Debug;
		};
		EEED16881CF0C84500C0D928 /* Release */ = {
			isa = XCBuildConfiguration;
			buildSettings = {
				ASSETCATALOG_COMPILER_APPICON_NAME = AppIcon;
				INFOPLIST_FILE = WebViewTest/Info.plist;
				IPHONEOS_DEPLOYMENT_TARGET = 7.1;
				LD_RUNPATH_SEARCH_PATHS = "$(inherited) @executable_path/Frameworks";
				PRODUCT_BUNDLE_IDENTIFIER = com.SealDeveloper.WebViewTest;
				PRODUCT_NAME = "$(TARGET_NAME)";
			};
			name = Release;
		};
/* End XCBuildConfiguration section */

/* Begin XCConfigurationList section */
		EEED166A1CF0C84400C0D928 /* Build configuration list for PBXProject "WebViewTest" */ = {
			isa = XCConfigurationList;
			buildConfigurations = (
				EEED16841CF0C84500C0D928 /* Debug */,
				EEED16851CF0C84500C0D928 /* Release */,
			);
			defaultConfigurationIsVisible = 0;
			defaultConfigurationName = Release;
		};
		EEED16861CF0C84500C0D928 /* Build configuration list for PBXNativeTarget "WebViewTest" */ = {
			isa = XCConfigurationList;
			buildConfigurations = (
				EEED16871CF0C84500C0D928 /* Debug */,
				EEED16881CF0C84500C0D928 /* Release */,
			);
			defaultConfigurationIsVisible = 0;
			defaultConfigurationName = Release;
		};
/* End XCConfigurationList section */
	};
	rootObject = EEED16671CF0C84400C0D928 /* Project object */;
}
